
Microsoft Visual Studio Solution File, Format Version 12.00
Project("{FAE04EC0-301F-11D3-BF4B-00C04F79EFBC}") = "AppCore", "AppCore\AppCore.csproj", "{9A1C342F-0832-45B9-B727-B92532BA63F1}"
EndProject
Project("{FAE04EC0-301F-11D3-BF4B-00C04F79EFBC}") = "Infrastructure", "Infrastructure\Infrastructure.csproj", "{387B490D-2A2E-41F3-B819-10DAD8F8A79B}"
EndProject
Project("{FAE04EC0-301F-11D3-BF4B-00C04F79EFBC}") = "WebApi", "WebApi\WebApi.csproj", "{5A20A6CD-277D-4DB2-90BF-01CE8F932422}"
EndProject
Project("{FAE04EC0-301F-11D3-BF4B-00C04F79EFBC}") = "UnitTest", "UnitTest\UnitTest.csproj", "{A12B945A-0981-4F84-97F8-AEED9A1372F1}"
EndProject
Global
	GlobalSection(SolutionConfigurationPlatforms) = preSolution
		Debug|Any CPU = Debug|Any CPU
		Debug|x64 = Debug|x64
		Debug|x86 = Debug|x86
		Release|Any CPU = Release|Any CPU
		Release|x64 = Release|x64
		Release|x86 = Release|x86
	EndGlobalSection
	GlobalSection(ProjectConfigurationPlatforms) = postSolution
		{9A1C342F-0832-45B9-B727-B92532BA63F1}.Debug|Any CPU.ActiveCfg = Debug|Any CPU
		{9A1C342F-0832-45B9-B727-B92532BA63F1}.Debug|Any CPU.Build.0 = Debug|Any CPU
		{9A1C342F-0832-45B9-B727-B92532BA63F1}.Debug|x64.ActiveCfg = Debug|Any CPU
		{9A1C342F-0832-45B9-B727-B92532BA63F1}.Debug|x64.Build.0 = Debug|Any CPU
		{9A1C342F-0832-45B9-B727-B92532BA63F1}.Debug|x86.ActiveCfg = Debug|Any CPU
		{9A1C342F-0832-45B9-B727-B92532BA63F1}.Debug|x86.Build.0 = Debug|Any CPU
		{9A1C342F-0832-45B9-B727-B92532BA63F1}.Release|Any CPU.ActiveCfg = Release|Any CPU
		{9A1C342F-0832-45B9-B727-B92532BA63F1}.Release|Any CPU.Build.0 = Release|Any CPU
		{9A1C342F-0832-45B9-B727-B92532BA63F1}.Release|x64.ActiveCfg = Release|Any CPU
		{9A1C342F-0832-45B9-B727-B92532BA63F1}.Release|x64.Build.0 = Release|Any CPU
		{9A1C342F-0832-45B9-B727-B92532BA63F1}.Release|x86.ActiveCfg = Release|Any CPU
		{9A1C342F-0832-45B9-B727-B92532BA63F1}.Release|x86.Build.0 = Release|Any CPU
		{387B490D-2A2E-41F3-B819-10DAD8F8A79B}.Debug|Any CPU.ActiveCfg = Debug|Any CPU
		{387B490D-2A2E-41F3-B819-10DAD8F8A79B}.Debug|Any CPU.Build.0 = Debug|Any CPU
		{387B490D-2A2E-41F3-B819-10DAD8F8A79B}.Debug|x64.ActiveCfg = Debug|Any CPU
		{387B490D-2A2E-41F3-B819-10DAD8F8A79B}.Debug|x64.Build.0 = Debug|Any CPU
		{387B490D-2A2E-41F3-B819-10DAD8F8A79B}.Debug|x86.ActiveCfg = Debug|Any CPU
		{387B490D-2A2E-41F3-B819-10DAD8F8A79B}.Debug|x86.Build.0 = Debug|Any CPU
		{387B490D-2A2E-41F3-B819-10DAD8F8A79B}.Release|Any CPU.ActiveCfg = Release|Any CPU
		{387B490D-2A2E-41F3-B819-10DAD8F8A79B}.Release|Any CPU.Build.0 = Release|Any CPU
		{387B490D-2A2E-41F3-B819-10DAD8F8A79B}.Release|x64.ActiveCfg = Release|Any CPU
		{387B490D-2A2E-41F3-B819-10DAD8F8A79B}.Release|x64.Build.0 = Release|Any CPU
		{387B490D-2A2E-41F3-B819-10DAD8F8A79B}.Release|x86.ActiveCfg = Release|Any CPU
		{387B490D-2A2E-41F3-B819-10DAD8F8A79B}.Release|x86.Build.0 = Release|Any CPU
		{5A20A6CD-277D-4DB2-90BF-01CE8F932422}.Debug|Any CPU.ActiveCfg = Debug|Any CPU
		{5A20A6CD-277D-4DB2-90BF-01CE8F932422}.Debug|Any CPU.Build.0 = Debug|Any CPU
		{5A20A6CD-277D-4DB2-90BF-01CE8F932422}.Debug|x64.ActiveCfg = Debug|Any CPU
		{5A20A6CD-277D-4DB2-90BF-01CE8F932422}.Debug|x64.Build.0 = Debug|Any CPU
		{5A20A6CD-277D-4DB2-90BF-01CE8F932422}.Debug|x86.ActiveCfg = Debug|Any CPU
		{5A20A6CD-277D-4DB2-90BF-01CE8F932422}.Debug|x86.Build.0 = Debug|Any CPU
		{5A20A6CD-277D-4DB2-90BF-01CE8F932422}.Release|Any CPU.ActiveCfg = Release|Any CPU
		{5A20A6CD-277D-4DB2-90BF-01CE8F932422}.Release|Any CPU.Build.0 = Release|Any CPU
		{5A20A6CD-277D-4DB2-90BF-01CE8F932422}.Release|x64.ActiveCfg = Release|Any CPU
		{5A20A6CD-277D-4DB2-90BF-01CE8F932422}.Release|x64.Build.0 = Release|Any CPU
		{5A20A6CD-277D-4DB2-90BF-01CE8F932422}.Release|x86.ActiveCfg = Release|Any CPU
		{5A20A6CD-277D-4DB2-90BF-01CE8F932422}.Release|x86.Build.0 = Release|Any CPU
		{A12B945A-0981-4F84-97F8-AEED9A1372F1}.Debug|Any CPU.ActiveCfg = Debug|Any CPU
		{A12B945A-0981-4F84-97F8-AEED9A1372F1}.Debug|Any CPU.Build.0 = Debug|Any CPU
		{A12B945A-0981-4F84-97F8-AEED9A1372F1}.Debug|x64.ActiveCfg = Debug|Any CPU
		{A12B945A-0981-4F84-97F8-AEED9A1372F1}.Debug|x64.Build.0 = Debug|Any CPU
		{A12B945A-0981-4F84-97F8-AEED9A1372F1}.Debug|x86.ActiveCfg = Debug|Any CPU
		{A12B945A-0981-4F84-97F8-AEED9A1372F1}.Debug|x86.Build.0 = Debug|Any CPU
		{A12B945A-0981-4F84-97F8-AEED9A1372F1}.Release|Any CPU.ActiveCfg = Release|Any CPU
		{A12B945A-0981-4F84-97F8-AEED9A1372F1}.Release|Any CPU.Build.0 = Release|Any CPU
		{A12B945A-0981-4F84-97F8-AEED9A1372F1}.Release|x64.ActiveCfg = Release|Any CPU
		{A12B945A-0981-4F84-97F8-AEED9A1372F1}.Release|x64.Build.0 = Release|Any CPU
		{A12B945A-0981-4F84-97F8-AEED9A1372F1}.Release|x86.ActiveCfg = Release|Any CPU
		{A12B945A-0981-4F84-97F8-AEED9A1372F1}.Release|x86.Build.0 = Release|Any CPU
	EndGlobalSection
	GlobalSection(SolutionProperties) = preSolution
		HideSolutionNode = FALSE
	EndGlobalSection
EndGlobal
